
Microsoft Visual Studio Solution File, Format Version 12.00
# Visual Studio Version 16
VisualStudioVersion = 16.0.31702.278
MinimumVisualStudioVersion = 10.0.40219.1
Project("{FAE04EC0-301F-11D3-BF4B-00C04F79EFBC}") = "MasterDetail", "MasterDetail\MasterDetail.csproj", "{E6FE5FEC-6E97-4308-A723-82E3031743DD}"
EndProject
Global
	GlobalSection(SolutionConfigurationPlatforms) = preSolution
		Debug|Any CPU = Debug|Any CPU
		Release|Any CPU = Release|Any CPU
	EndGlobalSection
	GlobalSection(ProjectConfigurationPlatforms) = postSolution
		{E6FE5FEC-6E97-4308-A723-82E3031743DD}.Debug|Any CPU.ActiveCfg = Debug|Any CPU
		{E6FE5FEC-6E97-4308-A723-82E3031743DD}.Debug|Any CPU.Build.0 = Debug|Any CPU
		{E6FE5FEC-6E97-4308-A723-82E3031743DD}.Release|Any CPU.ActiveCfg = Release|Any CPU
		{E6FE5FEC-6E97-4308-A723-82E3031743DD}.Release|Any CPU.Build.0 = Release|Any CPU
	EndGlobalSection
	GlobalSection(SolutionProperties) = preSolution
		HideSolutionNode = FALSE
	EndGlobalSection
	GlobalSection(ExtensibilityGlobals) = postSolution
		SolutionGuid = {63634EED-DCC0-4530-AFD3-520D816D3244}
	EndGlobalSection
EndGlobal
